
Microsoft Visual Studio Solution File, Format Version 12.00
# Visual Studio Version 16
VisualStudioVersion = 16.0.30204.135
MinimumVisualStudioVersion = 10.0.40219.1
Project("{FAE04EC0-301F-11D3-BF4B-00C04F79EFBC}") = "SimpleHospitalSystem", "SimpleHospitalSystem\SimpleHospitalSystem.csproj", "{D6DA9DB1-6D5C-4FF6-A294-32FFE7DBB0F0}"
EndProject
Project("{FAE04EC0-301F-11D3-BF4B-00C04F79EFBC}") = "SimpleHospitalModel", "SimpleHospitalModel\SimpleHospitalModel.csproj", "{C88E9D97-8FA9-4DE1-A1F9-9965E1536F76}"
EndProject
Global
	GlobalSection(SolutionConfigurationPlatforms) = preSolution
		Debug|Any CPU = Debug|Any CPU
		Release|Any CPU = Release|Any CPU
	EndGlobalSection
	GlobalSection(ProjectConfigurationPlatforms) = postSolution
		{D6DA9DB1-6D5C-4FF6-A294-32FFE7DBB0F0}.Debug|Any CPU.ActiveCfg = Debug|Any CPU
		{D6DA9DB1-6D5C-4FF6-A294-32FFE7DBB0F0}.Debug|Any CPU.Build.0 = Debug|Any CPU
		{D6DA9DB1-6D5C-4FF6-A294-32FFE7DBB0F0}.Release|Any CPU.ActiveCfg = Release|Any CPU
		{D6DA9DB1-6D5C-4FF6-A294-32FFE7DBB0F0}.Release|Any CPU.Build.0 = Release|Any CPU
		{C88E9D97-8FA9-4DE1-A1F9-9965E1536F76}.Debug|Any CPU.ActiveCfg = Debug|Any CPU
		{C88E9D97-8FA9-4DE1-A1F9-9965E1536F76}.Debug|Any CPU.Build.0 = Debug|Any CPU
		{C88E9D97-8FA9-4DE1-A1F9-9965E1536F76}.Release|Any CPU.ActiveCfg = Release|Any CPU
		{C88E9D97-8FA9-4DE1-A1F9-9965E1536F76}.Release|Any CPU.Build.0 = Release|Any CPU
	EndGlobalSection
	GlobalSection(SolutionProperties) = preSolution
		HideSolutionNode = FALSE
	EndGlobalSection
	GlobalSection(ExtensibilityGlobals) = postSolution
		SolutionGuid = {9F1D4728-ED42-4F1C-AE16-0ED01662FC4D}
	EndGlobalSection
EndGlobal
